<?xml version="1.0" encoding="utf-8"?>
<Project ToolsVersion="4.0" xmlns="http://schemas.microsoft.com/developer/msbuild/2003">
  <ItemGroup>
    <Filter Include="源文件">
      <UniqueIdentifier>{4FC737F1-C7A5-4376-A066-2A32D752A2FF}</UniqueIdentifier>
      <Extensions>cpp;c;cc;cxx;c++;cppm;ixx;def;odl;idl;hpj;bat;asm;asmx</Extensions>
    </Filter>
    <Filter Include="头文件">
      <UniqueIdentifier>{93995380-89BD-4b04-88EB-625FBE52EBFB}</UniqueIdentifier>
      <Extensions>h;hh;hpp;hxx;h++;hm;inl;inc;ipp;xsd</Extensions>
    </Filter>
    <Filter Include="资源文件">
      <UniqueIdentifier>{67DA6AB6-F800-4c08-8B7A-83BB121AAD01}</UniqueIdentifier>
      <Extensions>rc;ico;cur;bmp;dlg;rc2;rct;bin;rgs;gif;jpg;jpeg;jpe;resx;tiff;tif;png;wav;mfcribbon-ms</Extensions>
    </Filter>
  </ItemGroup>
  <ItemGroup>
    <ClCompile Include="application.cpp">
      <Filter>源文件</Filter>
    </ClCompile>
    <ClCompile Include="entryPoint.cpp">
      <Filter>源文件</Filter>
    </ClCompile>
    <ClCompile Include="common\logger.cpp">
      <Filter>源文件</Filter>
    </ClCompile>
    <ClCompile Include="window\window.cpp">
      <Filter>源文件</Filter>
    </ClCompile>
    <ClCompile Include="core\graphic\gpuBuffer\buffer.cpp">
      <Filter>源文件</Filter>
    </ClCompile>
    <ClCompile Include="core\graphic\gpuBuffer\vertexBuffer.cpp">
      <Filter>源文件</Filter>
    </ClCompile>
    <ClCompile Include="core\graphic\gpuBuffer\indexBuffer.cpp">
      <Filter>源文件</Filter>
    </ClCompile>
    <ClCompile Include="core\graphic\gpuBuffer\vertexArray.cpp">
      <Filter>源文件</Filter>
    </ClCompile>
    <ClCompile Include="core\graphic\gpuBuffer\uniformBuffer.cpp">
      <Filter>源文件</Filter>
    </ClCompile>
    <ClCompile Include="core\graphic\program\shader.cpp">
      <Filter>源文件</Filter>
    </ClCompile>
    <ClCompile Include="core\graphic\program\program.cpp">
      <Filter>源文件</Filter>
    </ClCompile>
    <ClCompile Include="core\eventSystem\event.cpp">
      <Filter>源文件</Filter>
    </ClCompile>
    <ClCompile Include="core\eventSystem\eventDispacher.cpp">
      <Filter>源文件</Filter>
    </ClCompile>
    <ClCompile Include="core\scene\object3D\object3D.cpp">
      <Filter>源文件</Filter>
    </ClCompile>
    <ClCompile Include="core\geometry\geometry.cpp">
      <Filter>源文件</Filter>
    </ClCompile>
    <ClCompile Include="core\material\material.cpp">
      <Filter>源文件</Filter>
    </ClCompile>
    <ClCompile Include="core\scene\renderObject.cpp">
      <Filter>源文件</Filter>
    </ClCompile>
    <ClCompile Include="core\geometry\cube.cpp">
      <Filter>源文件</Filter>
    </ClCompile>
    <ClCompile Include="core\material\phongMaterial.cpp">
      <Filter>源文件</Filter>
    </ClCompile>
    <ClCompile Include="core\graphic\texture\texture2D\texture2D.cpp">
      <Filter>源文件</Filter>
    </ClCompile>
    <ClCompile Include="core\scene\camera\camera.cpp">
      <Filter>源文件</Filter>
    </ClCompile>
    <ClCompile Include="core\scene\light\pointLight\pointLight.cpp">
      <Filter>源文件</Filter>
    </ClCompile>
    <ClCompile Include="core\scene\light\directionLight\directionLight.cpp">
      <Filter>源文件</Filter>
    </ClCompile>
    <ClCompile Include="core\graphic\gpuBuffer\frameBuffer.cpp">
      <Filter>源文件</Filter>
    </ClCompile>
    <ClCompile Include="core\scene\scene.cpp">
      <Filter>源文件</Filter>
    </ClCompile>
    <ClCompile Include="core\graphic\renderer\renderer.cpp">
      <Filter>源文件</Filter>
    </ClCompile>
    <ClCompile Include="core\geometry\rectangle.cpp">
      <Filter>源文件</Filter>
    </ClCompile>
    <ClCompile Include="core\graphic\renderPass\renderPass.cpp">
      <Filter>源文件</Filter>
    </ClCompile>
    <ClCompile Include="core\graphic\renderPass\deferredRendering\geometryPass.cpp">
      <Filter>源文件</Filter>
    </ClCompile>
    <ClCompile Include="core\graphic\renderPass\deferredRendering\lightingPass.cpp">
      <Filter>源文件</Filter>
    </ClCompile>
    <ClCompile Include="core\geometry\screenQuad.cpp">
      <Filter>源文件</Filter>
    </ClCompile>
    <ClCompile Include="core\graphic\renderPass\defaultToScreen\defaultPass.cpp">
      <Filter>源文件</Filter>
    </ClCompile>
    <ClCompile Include="core\graphic\renderPass\postProcess\grayScaleEffect\grayScaleEffect.cpp">
      <Filter>源文件</Filter>
    </ClCompile>
    <ClCompile Include="core\graphic\renderPass\ssaoPass\ssaoPass.cpp">
      <Filter>源文件</Filter>
    </ClCompile>
    <ClCompile Include="core\geometry\sphere.cpp">
      <Filter>源文件</Filter>
    </ClCompile>
    <ClCompile Include="core\graphic\renderPass\blurPass\blurPass.cpp">
      <Filter>源文件</Filter>
    </ClCompile>
    <ClCompile Include="core\scene\model\model.cpp">
      <Filter>源文件</Filter>
    </ClCompile>
    <ClCompile Include="core\scene\light\light.cpp">
      <Filter>源文件</Filter>
    </ClCompile>
    <ClCompile Include="core\scene\light\spotLight\spotLight.cpp">
      <Filter>源文件</Filter>
    </ClCompile>
    <ClCompile Include="core\graphic\texture\textureSystem.cpp">
      <Filter>源文件</Filter>
    </ClCompile>
    <ClCompile Include="core\graphic\renderPass\toneMapping\toneMapping.cpp">
      <Filter>源文件</Filter>
    </ClCompile>
    <ClCompile Include="core\graphic\renderPass\bloomPass\bloomPass.cpp">
      <Filter>源文件</Filter>
    </ClCompile>
    <ClCompile Include="core\graphic\renderPass\gaussianBlur\gaussianBlur.cpp">
      <Filter>源文件</Filter>
    </ClCompile>
    <ClCompile Include="imgui\imgui.cpp">
      <Filter>源文件</Filter>
    </ClCompile>
    <ClCompile Include="imgui\imgui_demo.cpp">
      <Filter>源文件</Filter>
    </ClCompile>
    <ClCompile Include="imgui\imgui_draw.cpp">
      <Filter>源文件</Filter>
    </ClCompile>
    <ClCompile Include="imgui\imgui_tables.cpp">
      <Filter>源文件</Filter>
    </ClCompile>
    <ClCompile Include="imgui\imgui_widgets.cpp">
      <Filter>源文件</Filter>
    </ClCompile>
    <ClCompile Include="imgui\backends\imgui_impl_opengl3.cpp">
      <Filter>源文件</Filter>
    </ClCompile>
    <ClCompile Include="imgui\backends\imgui_impl_glfw.cpp">
      <Filter>源文件</Filter>
    </ClCompile>
  </ItemGroup>
  <ItemGroup>
    <ClInclude Include="application.h">
      <Filter>头文件</Filter>
    </ClInclude>
    <ClInclude Include="common\core.h">
      <Filter>头文件</Filter>
    </ClInclude>
    <ClInclude Include="common\logger.h">
      <Filter>头文件</Filter>
    </ClInclude>
    <ClInclude Include="window\window.h">
      <Filter>头文件</Filter>
    </ClInclude>
    <ClInclude Include="common\typedef.h">
      <Filter>头文件</Filter>
    </ClInclude>
    <ClInclude Include="core\graphic\gpuBuffer\buffer.h">
      <Filter>头文件</Filter>
    </ClInclude>
    <ClInclude Include="core\graphic\gpuBuffer\vertexBuffer.h">
      <Filter>头文件</Filter>
    </ClInclude>
    <ClInclude Include="core\graphic\gpuBuffer\indexBuffer.h">
      <Filter>头文件</Filter>
    </ClInclude>
    <ClInclude Include="core\graphic\gpuBuffer\vertexArray.h">
      <Filter>头文件</Filter>
    </ClInclude>
    <ClInclude Include="core\graphic\gpuBuffer\uniformBuffer.h">
      <Filter>头文件</Filter>
    </ClInclude>
    <ClInclude Include="core\graphic\program\shader.h">
      <Filter>头文件</Filter>
    </ClInclude>
    <ClInclude Include="core\graphic\program\program.h">
      <Filter>头文件</Filter>
    </ClInclude>
    <ClInclude Include="core\graphic\const.h">
      <Filter>头文件</Filter>
    </ClInclude>
    <ClInclude Include="core\eventSystem\event.h">
      <Filter>头文件</Filter>
    </ClInclude>
    <ClInclude Include="core\eventSystem\eventDispacher.h">
      <Filter>头文件</Filter>
    </ClInclude>
    <ClInclude Include="core\scene\object3D\object3D.h">
      <Filter>头文件</Filter>
    </ClInclude>
    <ClInclude Include="core\scene\renderObject.h">
      <Filter>头文件</Filter>
    </ClInclude>
    <ClInclude Include="core\geometry\geometry.h">
      <Filter>头文件</Filter>
    </ClInclude>
    <ClInclude Include="core\material\material.h">
      <Filter>头文件</Filter>
    </ClInclude>
    <ClInclude Include="core\geometry\cube.h">
      <Filter>头文件</Filter>
    </ClInclude>
    <ClInclude Include="core\material\phongMaterial.h">
      <Filter>头文件</Filter>
    </ClInclude>
    <ClInclude Include="core\graphic\texture\texture2D\texture2D.h">
      <Filter>头文件</Filter>
    </ClInclude>
    <ClInclude Include="core\scene\camera\camera.h">
      <Filter>头文件</Filter>
    </ClInclude>
    <ClInclude Include="core\scene\light\pointLight\pointLight.h">
      <Filter>头文件</Filter>
    </ClInclude>
    <ClInclude Include="core\scene\light\directionLight\directionLight.h">
      <Filter>头文件</Filter>
    </ClInclude>
    <ClInclude Include="core\graphic\gpuBuffer\frameBuffer.h">
      <Filter>头文件</Filter>
    </ClInclude>
    <ClInclude Include="core\scene\scene.h">
      <Filter>头文件</Filter>
    </ClInclude>
    <ClInclude Include="core\graphic\renderer\renderer.h">
      <Filter>头文件</Filter>
    </ClInclude>
    <ClInclude Include="core\geometry\rectangle.h">
      <Filter>头文件</Filter>
    </ClInclude>
    <ClInclude Include="core\graphic\renderPass\renderPass.h">
      <Filter>头文件</Filter>
    </ClInclude>
    <ClInclude Include="core\graphic\renderPass\deferredRendering\geometryPass.h">
      <Filter>头文件</Filter>
    </ClInclude>
    <ClInclude Include="core\graphic\renderPass\deferredRendering\lightingPass.h">
      <Filter>头文件</Filter>
    </ClInclude>
    <ClInclude Include="core\geometry\screenQuad.h">
      <Filter>头文件</Filter>
    </ClInclude>
    <ClInclude Include="core\graphic\renderPass\defaultToScreen\defaultPass.h">
      <Filter>头文件</Filter>
    </ClInclude>
    <ClInclude Include="core\graphic\renderPass\postProcess\grayScaleEffect\grayScaleEffect.h">
      <Filter>头文件</Filter>
    </ClInclude>
    <ClInclude Include="core\graphic\renderPass\ssaoPass\ssaoPass.h">
      <Filter>头文件</Filter>
    </ClInclude>
    <ClInclude Include="core\geometry\sphere.h">
      <Filter>头文件</Filter>
    </ClInclude>
    <ClInclude Include="core\graphic\renderPass\blurPass\blurPass.h">
      <Filter>头文件</Filter>
    </ClInclude>
    <ClInclude Include="core\scene\model\model.h">
      <Filter>头文件</Filter>
    </ClInclude>
    <ClInclude Include="core\scene\light\light.h">
      <Filter>头文件</Filter>
    </ClInclude>
    <ClInclude Include="core\scene\light\spotLight\spotLight.h">
      <Filter>头文件</Filter>
    </ClInclude>
    <ClInclude Include="core\graphic\texture\textureSystem.h">
      <Filter>头文件</Filter>
    </ClInclude>
    <ClInclude Include="core\graphic\renderPass\toneMapping\toneMapping.h">
      <Filter>头文件</Filter>
    </ClInclude>
    <ClInclude Include="core\graphic\renderPass\bloomPass\bloomPass.h">
      <Filter>头文件</Filter>
    </ClInclude>
    <ClInclude Include="core\graphic\renderPass\gaussianBlur\gaussianBlur.h">
      <Filter>头文件</Filter>
    </ClInclude>
    <ClInclude Include="imgui\imconfig.h">
      <Filter>头文件</Filter>
    </ClInclude>
    <ClInclude Include="imgui\imgui.h">
      <Filter>头文件</Filter>
    </ClInclude>
    <ClInclude Include="imgui\imgui_internal.h">
      <Filter>头文件</Filter>
    </ClInclude>
    <ClInclude Include="imgui\imstb_rectpack.h">
      <Filter>头文件</Filter>
    </ClInclude>
    <ClInclude Include="imgui\imstb_textedit.h">
      <Filter>头文件</Filter>
    </ClInclude>
    <ClInclude Include="imgui\imstb_truetype.h">
      <Filter>头文件</Filter>
    </ClInclude>
    <ClInclude Include="imgui\backends\imgui_impl_opengl3_loader.h">
      <Filter>头文件</Filter>
    </ClInclude>
    <ClInclude Include="imgui\backends\imgui_impl_opengl3.h">
      <Filter>头文件</Filter>
    </ClInclude>
    <ClInclude Include="imgui\backends\imgui_impl_glfw.h">
      <Filter>头文件</Filter>
    </ClInclude>
  </ItemGroup>
  <ItemGroup>
    <None Include="core\graphic\shaderSrc\blinnPhong\vs.glsl" />
    <None Include="core\graphic\shaderSrc\blinnPhong\fs.glsl" />
    <None Include="core\graphic\shaderSrc\deferredRendering\geometryPassShader\vs.glsl" />
    <None Include="core\graphic\shaderSrc\deferredRendering\geometryPassShader\fs.glsl" />
    <None Include="core\graphic\shaderSrc\deferredRendering\lightingPassShader\vs.glsl" />
    <None Include="core\graphic\shaderSrc\deferredRendering\lightingPassShader\fs.glsl" />
    <None Include="core\graphic\shaderSrc\postProcess\grayScale\vs.glsl" />
    <None Include="core\graphic\shaderSrc\postProcess\grayScale\fs.glsl" />
    <None Include="core\graphic\shaderSrc\ssao\occlusion\vs.glsl" />
    <None Include="core\graphic\shaderSrc\ssao\occlusion\fs.glsl" />
    <None Include="core\graphic\shaderSrc\ssao\blur\vs.glsl" />
    <None Include="core\graphic\shaderSrc\ssao\blur\fs.glsl" />
    <None Include="core\graphic\shaderSrc\toneMapping\vs.glsl" />
    <None Include="core\graphic\shaderSrc\toneMapping\fs.glsl" />
    <None Include="core\graphic\shaderSrc\bloom\vs.glsl" />
    <None Include="core\graphic\shaderSrc\bloom\fs.glsl" />
    <None Include="core\graphic\shaderSrc\gaussianBlur\vs.glsl" />
    <None Include="core\graphic\shaderSrc\gaussianBlur\fs.glsl" />
  </ItemGroup>
</Project>